
Microsoft Visual Studio Solution File, Format Version 11.00
# Visual Studio 2010
Project("{FAE04EC0-301F-11D3-BF4B-00C04F79EFBC}") = "SimpleN ameApplication", "SimpleN ameApplication\SimpleN ameApplication.csproj", "{8BA631A9-258B-4657-833C-B5D8B1109301}"
EndProject
Global
	GlobalSection(SolutionConfigurationPlatforms) = preSolution
		Debug|Any CPU = Debug|Any CPU
		Release|Any CPU = Release|Any CPU
	EndGlobalSection
	GlobalSection(ProjectConfigurationPlatforms) = postSolution
		{8BA631A9-258B-4657-833C-B5D8B1109301}.Debug|Any CPU.ActiveCfg = Debug|Any CPU
		{8BA631A9-258B-4657-833C-B5D8B1109301}.Debug|Any CPU.Build.0 = Debug|Any CPU
		{8BA631A9-258B-4657-833C-B5D8B1109301}.Release|Any CPU.ActiveCfg = Release|Any CPU
		{8BA631A9-258B-4657-833C-B5D8B1109301}.Release|Any CPU.Build.0 = Release|Any CPU
	EndGlobalSection
	GlobalSection(SolutionProperties) = preSolution
		HideSolutionNode = FALSE
	EndGlobalSection
EndGlobal
